# novo.lock — auto-generated by novo pkg, do not edit

[cobs-nv]
source = "registry"
url = "https://registry.novo-lang.org"
req = "^0.1.0"
version = "0.1.5"
hash = "b5246fffda2b1e64be8512bd90fb01e833c74cb65169278d55a3c996de568cbb"

[crc-nv]
source = "registry"
url = "https://registry.novo-lang.org"
req = "^0.1.0,^0.1.4"
version = "0.1.5"
hash = "40beb4e717218196336c7f1a6f8c1dd3892ae580e94dcaf35fb088a043e728ef"

[frame-nv]
source = "registry"
url = "https://registry.novo-lang.org"
req = "^0.1.4"
version = "0.1.7"
hash = "4705a9139ab15868490b02ff9147edcac5e081bfc14b55cf9e19790afe662413"

[leb128-nv]
source = "registry"
url = "https://registry.novo-lang.org"
req = "^0.1.1"
version = "0.1.7"
hash = "71f3ef504785e8bb4c9d7e72151be91dcebc7e11f658552009fae7205725bd53"

[usb-nv]
source = "registry"
url = "https://registry.novo-lang.org"
req = "^0.0.1"
version = "0.0.1"
hash = "932b4656626449956653504846aec82f97767e1a85420191110575790ee68ee2"

[varint-nv]
source = "registry"
url = "https://registry.novo-lang.org"
req = "^0.1.0"
version = "0.1.6"
hash = "acedfcf25d1a81e38f2093418ba5839425b8800dd6b85dad585aa6906635f75a"

[zigzag-nv]
source = "registry"
url = "https://registry.novo-lang.org"
req = "^0.1.0"
version = "0.1.5"
hash = "0ed80f97d393aba2db5983514e1695b5a1cdf2739c7a681c965d6178067eca8f"
